schema: '2.0'
stages:
  data_ingestion:
    cmd: python src/data/data_ingestion.py
    deps:
    - path: src/data/data_ingestion.py
      hash: md5
      md5: 763796d71f124360046fbdd5b26b5bc9
      size: 2977
    params:
      params.yaml:
        data_ingestion.test_size: 0.2
    outs:
    - path: data/raw
      hash: md5
      md5: fb326d2eec197669f9638afde28356bf.dir
      size: 827973
      nfiles: 2
  data_preprocessing:
    cmd: python src/data/data_preprocessing.py
    deps:
    - path: data/raw
      hash: md5
      md5: fb326d2eec197669f9638afde28356bf.dir
      size: 827973
      nfiles: 2
    - path: src/data/data_preprocessing.py
      hash: md5
      md5: a11b82ef894ede14f9e4ee4f9a298ce9
      size: 2371
    outs:
    - path: data/interim
      hash: md5
      md5: 942323efba911a42bc5b18b3e6c76c13.dir
      size: 622285
      nfiles: 2
  feature_engineering:
    cmd: python src/features/feature_engineering.py
    deps:
    - path: data/interim
      hash: md5
      md5: 942323efba911a42bc5b18b3e6c76c13.dir
      size: 622285
      nfiles: 2
    - path: src/features/feature_engineering.py
      hash: md5
      md5: 04aa20f2512e0ab448fce53669b1346f
      size: 2845
    params:
      params.yaml:
        feature_engineering.max_features: 20
    outs:
    - path: data/processed
      hash: md5
      md5: 423200a77ae985459de0c84a0e48af22.dir
      size: 446196
      nfiles: 2
  model_building:
    cmd: python src/model/model_building.py
    deps:
    - path: data/processed
      hash: md5
      md5: 423200a77ae985459de0c84a0e48af22.dir
      size: 446196
      nfiles: 2
    - path: src/model/model_building.py
      hash: md5
      md5: f52befb48d30924c95314c621ed5975b
      size: 2451
    params:
      params.yaml:
        model_building.learning_rate: 0.1
        model_building.n_estimators: 50
    outs:
    - path: models/model.pkl
      hash: md5
      md5: 442cdf408f8d56c68c14bf97f15b8c06
      size: 71707
  model_evaluation:
    cmd: python src/model/model_evaluation.py
    deps:
    - path: models/model.pkl
      hash: md5
      md5: 442cdf408f8d56c68c14bf97f15b8c06
      size: 71707
    - path: src/model/model_evaluation.py
      hash: md5
      md5: 5d2e585247ae873bc274226c806f4658
      size: 2545
    outs:
    - path: metrics.json
      hash: md5
      md5: 0e67a042a290fb131eef860f6499faeb
      size: 145
